
Microsoft Visual Studio Solution File, Format Version 12.00
# Visual Studio 15
VisualStudioVersion = 15.0.27130.2020
MinimumVisualStudioVersion = 10.0.40219.1
Project("{FAE04EC0-301F-11D3-BF4B-00C04F79EFBC}") = "Far Manager", "Far Manager\Far Manager.csproj", "{B533797F-E19D-453E-BD5F-D9607478DD03}"
EndProject
Global
	GlobalSection(SolutionConfigurationPlatforms) = preSolution
		Debug|Any CPU = Debug|Any CPU
		Release|Any CPU = Release|Any CPU
	EndGlobalSection
	GlobalSection(ProjectConfigurationPlatforms) = postSolution
		{B533797F-E19D-453E-BD5F-D9607478DD03}.Debug|Any CPU.ActiveCfg = Debug|Any CPU
		{B533797F-E19D-453E-BD5F-D9607478DD03}.Debug|Any CPU.Build.0 = Debug|Any CPU
		{B533797F-E19D-453E-BD5F-D9607478DD03}.Release|Any CPU.ActiveCfg = Release|Any CPU
		{B533797F-E19D-453E-BD5F-D9607478DD03}.Release|Any CPU.Build.0 = Release|Any CPU
	EndGlobalSection
	GlobalSection(SolutionProperties) = preSolution
		HideSolutionNode = FALSE
	EndGlobalSection
	GlobalSection(ExtensibilityGlobals) = postSolution
		SolutionGuid = {F122692A-2D53-4B5F-868D-5C31B8A932C9}
	EndGlobalSection
EndGlobal
